
Microsoft Visual Studio Solution File, Format Version 12.00
# Visual Studio Version 17
VisualStudioVersion = 17.10.35013.160
MinimumVisualStudioVersion = 10.0.40219.1
Project("{FAE04EC0-301F-11D3-BF4B-00C04F79EFBC}") = "BookmarkAPI", "BookmarkAPI.csproj", "{8E1C5827-8840-4160-9A6F-AF974931722C}"
EndProject
Global
	GlobalSection(SolutionConfigurationPlatforms) = preSolution
		Debug|Any CPU = Debug|Any CPU
		Release|Any CPU = Release|Any CPU
	EndGlobalSection
	GlobalSection(ProjectConfigurationPlatforms) = postSolution
		{8E1C5827-8840-4160-9A6F-AF974931722C}.Debug|Any CPU.ActiveCfg = Debug|Any CPU
		{8E1C5827-8840-4160-9A6F-AF974931722C}.Debug|Any CPU.Build.0 = Debug|Any CPU
		{8E1C5827-8840-4160-9A6F-AF974931722C}.Release|Any CPU.ActiveCfg = Release|Any CPU
		{8E1C5827-8840-4160-9A6F-AF974931722C}.Release|Any CPU.Build.0 = Release|Any CPU
	EndGlobalSection
	GlobalSection(SolutionProperties) = preSolution
		HideSolutionNode = FALSE
	EndGlobalSection
	GlobalSection(ExtensibilityGlobals) = postSolution
		SolutionGuid = {F8C2EE68-12F4-46DC-A640-DE9C20EF0046}
	EndGlobalSection
EndGlobal
